
Microsoft Visual Studio Solution File, Format Version 12.00
# Visual Studio Version 16
VisualStudioVersion = 16.0.30907.101
MinimumVisualStudioVersion = 10.0.40219.1
Project("{FAE04EC0-301F-11D3-BF4B-00C04F79EFBC}") = "proyectofinal-solutionswf", "proyectofinal-solutionswf.csproj", "{5F90391B-20B3-453C-8A4A-AFACE45861A4}"
EndProject
Global
	GlobalSection(SolutionConfigurationPlatforms) = preSolution
		Debug|Any CPU = Debug|Any CPU
		Release|Any CPU = Release|Any CPU
	EndGlobalSection
	GlobalSection(ProjectConfigurationPlatforms) = postSolution
		{5F90391B-20B3-453C-8A4A-AFACE45861A4}.Debug|Any CPU.ActiveCfg = Debug|Any CPU
		{5F90391B-20B3-453C-8A4A-AFACE45861A4}.Debug|Any CPU.Build.0 = Debug|Any CPU
		{5F90391B-20B3-453C-8A4A-AFACE45861A4}.Release|Any CPU.ActiveCfg = Release|Any CPU
		{5F90391B-20B3-453C-8A4A-AFACE45861A4}.Release|Any CPU.Build.0 = Release|Any CPU
	EndGlobalSection
	GlobalSection(SolutionProperties) = preSolution
		HideSolutionNode = FALSE
	EndGlobalSection
	GlobalSection(ExtensibilityGlobals) = postSolution
		SolutionGuid = {4C22A5FE-B098-40B5-B68D-179DBAE12E25}
	EndGlobalSection
EndGlobal
